// !$*UTF8*$!
{
	archiveVersion = 1;
	classes = {
	};
	objectVersion = 52;
	objects = {

/* Begin PBXBuildFile section */
		5BB0FB3BD2A893A67E316415 /* Pods_CartrackContacts.framework in Frameworks */ = {isa = PBXBuildFile; fileRef = 86CFDFE8BAB08282BDBA94D3 /* Pods_CartrackContacts.framework */; };
		6077F7B34CCA20E31BEAE71B /* Pods_CartrackContactsTests.framework in Frameworks */ = {isa = PBXBuildFile; fileRef = C28BA63BA4103E8A435FE76B /* Pods_CartrackContactsTests.framework */; };
		812BBAFD250B8A25005023AB /* SignupEnterUsernameViewModel.swift in Sources */ = {isa = PBXBuildFile; fileRef = 812BBAFC250B8A25005023AB /* SignupEnterUsernameViewModel.swift */; };
		812BBAFF250BC265005023AB /* UIFont+.swift in Sources */ = {isa = PBXBuildFile; fileRef = 812BBAFE250BC265005023AB /* UIFont+.swift */; };
		812BBB01250BC7D1005023AB /* SignupCreatePasswordViewController.swift in Sources */ = {isa = PBXBuildFile; fileRef = 812BBB00250BC7D1005023AB /* SignupCreatePasswordViewController.swift */; };
		812BBB06250BDD17005023AB /* SignupSelectCountryViewController.swift in Sources */ = {isa = PBXBuildFile; fileRef = 812BBB05250BDD17005023AB /* SignupSelectCountryViewController.swift */; };
		812BBB08250CA188005023AB /* SignupCreatePasswordViewModel.swift in Sources */ = {isa = PBXBuildFile; fileRef = 812BBB07250CA188005023AB /* SignupCreatePasswordViewModel.swift */; };
		812BBB0C250CA691005023AB /* SignupSelectCountryViewModel.swift in Sources */ = {isa = PBXBuildFile; fileRef = 812BBB0B250CA691005023AB /* SignupSelectCountryViewModel.swift */; };
		812BBB0F250CAB8A005023AB /* ContactsSplitViewController.swift in Sources */ = {isa = PBXBuildFile; fileRef = 812BBB0E250CAB8A005023AB /* ContactsSplitViewController.swift */; };
		8172A1E72505E3F600FF1A3F /* AppDelegate.swift in Sources */ = {isa = PBXBuildFile; fileRef = 8172A1E62505E3F600FF1A3F /* AppDelegate.swift */; };
		8172A1E92505E3F600FF1A3F /* SceneDelegate.swift in Sources */ = {isa = PBXBuildFile; fileRef = 8172A1E82505E3F600FF1A3F /* SceneDelegate.swift */; };
		8172A1EE2505E3F600FF1A3F /* Landing.storyboard in Resources */ = {isa = PBXBuildFile; fileRef = 8172A1EC2505E3F600FF1A3F /* Landing.storyboard */; };
		8172A1F02505E3F700FF1A3F /* Assets.xcassets in Resources */ = {isa = PBXBuildFile; fileRef = 8172A1EF2505E3F700FF1A3F /* Assets.xcassets */; };
		8172A1F32505E3F700FF1A3F /* LaunchScreen.storyboard in Resources */ = {isa = PBXBuildFile; fileRef = 8172A1F12505E3F700FF1A3F /* LaunchScreen.storyboard */; };
		8172A1FE2505E3F700FF1A3F /* CartrackContactsTests.swift in Sources */ = {isa = PBXBuildFile; fileRef = 8172A1FD2505E3F700FF1A3F /* CartrackContactsTests.swift */; };
		8172A20B2505E53E00FF1A3F /* LandingViewController.swift in Sources */ = {isa = PBXBuildFile; fileRef = 8172A20A2505E53E00FF1A3F /* LandingViewController.swift */; };
		8172A20D2505E59300FF1A3F /* Contacts.storyboard in Resources */ = {isa = PBXBuildFile; fileRef = 8172A20C2505E59300FF1A3F /* Contacts.storyboard */; };
		8172A2132505E61900FF1A3F /* Reachability in Frameworks */ = {isa = PBXBuildFile; productRef = 8172A2122505E61900FF1A3F /* Reachability */; };
		8172A2162505E71900FF1A3F /* UIStoryboard+.swift in Sources */ = {isa = PBXBuildFile; fileRef = 8172A2152505E71900FF1A3F /* UIStoryboard+.swift */; };
		8172A2192505E9B800FF1A3F /* Contact.swift in Sources */ = {isa = PBXBuildFile; fileRef = 8172A2182505E9B800FF1A3F /* Contact.swift */; };
		8172A21B2505EA7000FF1A3F /* Address.swift in Sources */ = {isa = PBXBuildFile; fileRef = 8172A21A2505EA7000FF1A3F /* Address.swift */; };
		8172A21D2505EA9D00FF1A3F /* Company.swift in Sources */ = {isa = PBXBuildFile; fileRef = 8172A21C2505EA9D00FF1A3F /* Company.swift */; };
		8172A21F2505ECA200FF1A3F /* User.swift in Sources */ = {isa = PBXBuildFile; fileRef = 8172A21E2505ECA200FF1A3F /* User.swift */; };
		8172A2252505EE1D00FF1A3F /* SQLite.swift in Sources */ = {isa = PBXBuildFile; fileRef = 8172A2242505EE1D00FF1A3F /* SQLite.swift */; };
		8172A2272505EEAF00FF1A3F /* SQLiteDatabase.swift in Sources */ = {isa = PBXBuildFile; fileRef = 8172A2262505EEAF00FF1A3F /* SQLiteDatabase.swift */; };
		8172A2292505F32700FF1A3F /* URL+.swift in Sources */ = {isa = PBXBuildFile; fileRef = 8172A2282505F32700FF1A3F /* URL+.swift */; };
		8172A22B2506044900FF1A3F /* SQLiteDatabase+User.swift in Sources */ = {isa = PBXBuildFile; fileRef = 8172A22A2506044900FF1A3F /* SQLiteDatabase+User.swift */; };
		8172A22D2506151700FF1A3F /* String+.swift in Sources */ = {isa = PBXBuildFile; fileRef = 8172A22C2506151700FF1A3F /* String+.swift */; };
		8172A22F2506192600FF1A3F /* SHA256Digest+.swift in Sources */ = {isa = PBXBuildFile; fileRef = 8172A22E2506192600FF1A3F /* SHA256Digest+.swift */; };
		8172A2312506271300FF1A3F /* DynamicValue.swift in Sources */ = {isa = PBXBuildFile; fileRef = 8172A2302506271300FF1A3F /* DynamicValue.swift */; };
		8172A23A2506654F00FF1A3F /* DataFetcher.swift in Sources */ = {isa = PBXBuildFile; fileRef = 8172A2392506654F00FF1A3F /* DataFetcher.swift */; };
		8172A23C25066B8D00FF1A3F /* ContactsService.swift in Sources */ = {isa = PBXBuildFile; fileRef = 8172A23B25066B8D00FF1A3F /* ContactsService.swift */; };
		8172A240250739C400FF1A3F /* NetworkRequest.swift in Sources */ = {isa = PBXBuildFile; fileRef = 8172A23F250739C400FF1A3F /* NetworkRequest.swift */; };
		8172A2422507427300FF1A3F /* RemoteResourceLoader.swift in Sources */ = {isa = PBXBuildFile; fileRef = 8172A2412507427300FF1A3F /* RemoteResourceLoader.swift */; };
		8172A24825079F2200FF1A3F /* Lottie in Frameworks */ = {isa = PBXBuildFile; productRef = 8172A24725079F2200FF1A3F /* Lottie */; };
		8172A24B2507A16A00FF1A3F /* RxSwift in Frameworks */ = {isa = PBXBuildFile; productRef = 8172A24A2507A16A00FF1A3F /* RxSwift */; };
		8172A24F2507A16A00FF1A3F /* RxRelay in Frameworks */ = {isa = PBXBuildFile; productRef = 8172A24E2507A16A00FF1A3F /* RxRelay */; };
		8172A2512507A16A00FF1A3F /* RxCocoa in Frameworks */ = {isa = PBXBuildFile; productRef = 8172A2502507A16A00FF1A3F /* RxCocoa */; };
		8172A2532507A16A00FF1A3F /* RxBlocking in Frameworks */ = {isa = PBXBuildFile; productRef = 8172A2522507A16A00FF1A3F /* RxBlocking */; };
		8172A2552507A48300FF1A3F /* Sedan.json in Resources */ = {isa = PBXBuildFile; fileRef = 8172A2542507A48300FF1A3F /* Sedan.json */; };
		8172A2582507B4B700FF1A3F /* Signup.storyboard in Resources */ = {isa = PBXBuildFile; fileRef = 8172A2572507B4B700FF1A3F /* Signup.storyboard */; };
		8172A25A2507B4C500FF1A3F /* LoginViewController.swift in Sources */ = {isa = PBXBuildFile; fileRef = 8172A2592507B4C500FF1A3F /* LoginViewController.swift */; };
		8172A25E2507B4DB00FF1A3F /* Login.storyboard in Resources */ = {isa = PBXBuildFile; fileRef = 8172A25D2507B4DB00FF1A3F /* Login.storyboard */; };
		8172A2602507B4E800FF1A3F /* SignupEnterUsernameViewController.swift in Sources */ = {isa = PBXBuildFile; fileRef = 8172A25F2507B4E800FF1A3F /* SignupEnterUsernameViewController.swift */; };
		8172A2622507BAD900FF1A3F /* UINavigationController+.swift in Sources */ = {isa = PBXBuildFile; fileRef = 8172A2612507BAD900FF1A3F /* UINavigationController+.swift */; };
		8172A264250874C600FF1A3F /* UIViewController+.swift in Sources */ = {isa = PBXBuildFile; fileRef = 8172A263250874C600FF1A3F /* UIViewController+.swift */; };
		8172A266250876B500FF1A3F /* ViewModel.swift in Sources */ = {isa = PBXBuildFile; fileRef = 8172A265250876B500FF1A3F /* ViewModel.swift */; };
		8172A26925087E7700FF1A3F /* LoginViewModel.swift in Sources */ = {isa = PBXBuildFile; fileRef = 8172A26825087E7700FF1A3F /* LoginViewModel.swift */; };
		8172A26C2509CE3F00FF1A3F /* LoginManager.swift in Sources */ = {isa = PBXBuildFile; fileRef = 8172A26B2509CE3F00FF1A3F /* LoginManager.swift */; };
		8172A26E2509D51A00FF1A3F /* Credential.swift in Sources */ = {isa = PBXBuildFile; fileRef = 8172A26D2509D51A00FF1A3F /* Credential.swift */; };
		8172A270250A0F9300FF1A3F /* UIImage+.swift in Sources */ = {isa = PBXBuildFile; fileRef = 8172A26F250A0F9300FF1A3F /* UIImage+.swift */; };
/* End PBXBuildFile section */

/* Begin PBXContainerItemProxy section */
		8172A1FA2505E3F700FF1A3F /* PBXContainerItemProxy */ = {
			isa = PBXContainerItemProxy;
			containerPortal = 8172A1DB2505E3F600FF1A3F /* Project object */;
			proxyType = 1;
			remoteGlobalIDString = 8172A1E22505E3F600FF1A3F;
			remoteInfo = CartrackContacts;
		};
/* End PBXContainerItemProxy section */

/* Begin PBXFileReference section */
		2166CE02743EB66B0E93A421 /* Pods-CartrackContacts.debug.xcconfig */ = {isa = PBXFileReference; includeInIndex = 1; lastKnownFileType = text.xcconfig; name = "Pods-CartrackContacts.debug.xcconfig"; path = "Target Support Files/Pods-CartrackContacts/Pods-CartrackContacts.debug.xcconfig"; sourceTree = "<group>"; };
		812BBAFC250B8A25005023AB /* SignupEnterUsernameViewModel.swift */ = {isa = PBXFileReference; lastKnownFileType = sourcecode.swift; path = SignupEnterUsernameViewModel.swift; sourceTree = "<group>"; };
		812BBAFE250BC265005023AB /* UIFont+.swift */ = {isa = PBXFileReference; lastKnownFileType = sourcecode.swift; path = "UIFont+.swift"; sourceTree = "<group>"; };
		812BBB00250BC7D1005023AB /* SignupCreatePasswordViewController.swift */ = {isa = PBXFileReference; lastKnownFileType = sourcecode.swift; path = SignupCreatePasswordViewController.swift; sourceTree = "<group>"; };
		812BBB05250BDD17005023AB /* SignupSelectCountryViewController.swift */ = {isa = PBXFileReference; lastKnownFileType = sourcecode.swift; path = SignupSelectCountryViewController.swift; sourceTree = "<group>"; };
		812BBB07250CA188005023AB /* SignupCreatePasswordViewModel.swift */ = {isa = PBXFileReference; lastKnownFileType = sourcecode.swift; path = SignupCreatePasswordViewModel.swift; sourceTree = "<group>"; };
		812BBB0B250CA691005023AB /* SignupSelectCountryViewModel.swift */ = {isa = PBXFileReference; lastKnownFileType = sourcecode.swift; path = SignupSelectCountryViewModel.swift; sourceTree = "<group>"; };
		812BBB0E250CAB8A005023AB /* ContactsSplitViewController.swift */ = {isa = PBXFileReference; lastKnownFileType = sourcecode.swift; path = ContactsSplitViewController.swift; sourceTree = "<group>"; };
		8172A1E32505E3F600FF1A3F /* CC.app */ = {isa = PBXFileReference; explicitFileType = wrapper.application; includeInIndex = 0; path = CC.app; sourceTree = BUILT_PRODUCTS_DIR; };
		8172A1E62505E3F600FF1A3F /* AppDelegate.swift */ = {isa = PBXFileReference; lastKnownFileType = sourcecode.swift; path = AppDelegate.swift; sourceTree = "<group>"; };
		8172A1E82505E3F600FF1A3F /* SceneDelegate.swift */ = {isa = PBXFileReference; lastKnownFileType = sourcecode.swift; path = SceneDelegate.swift; sourceTree = "<group>"; };
		8172A1ED2505E3F600FF1A3F /* Base */ = {isa = PBXFileReference; lastKnownFileType = file.storyboard; name = Base; path = Base.lproj/Landing.storyboard; sourceTree = "<group>"; };
		8172A1EF2505E3F700FF1A3F /* Assets.xcassets */ = {isa = PBXFileReference; lastKnownFileType = folder.assetcatalog; path = Assets.xcassets; sourceTree = "<group>"; };
		8172A1F22505E3F700FF1A3F /* Base */ = {isa = PBXFileReference; lastKnownFileType = file.storyboard; name = Base; path = Base.lproj/LaunchScreen.storyboard; sourceTree = "<group>"; };
		8172A1F42505E3F700FF1A3F /* Info.plist */ = {isa = PBXFileReference; lastKnownFileType = text.plist.xml; path = Info.plist; sourceTree = "<group>"; };
		8172A1F92505E3F700FF1A3F /* CartrackContactsTests.xctest */ = {isa = PBXFileReference; explicitFileType = wrapper.cfbundle; includeInIndex = 0; path = CartrackContactsTests.xctest; sourceTree = BUILT_PRODUCTS_DIR; };
		8172A1FD2505E3F700FF1A3F /* CartrackContactsTests.swift */ = {isa = PBXFileReference; lastKnownFileType = sourcecode.swift; path = CartrackContactsTests.swift; sourceTree = "<group>"; };
		8172A1FF2505E3F700FF1A3F /* Info.plist */ = {isa = PBXFileReference; lastKnownFileType = text.plist.xml; path = Info.plist; sourceTree = "<group>"; };
		8172A20A2505E53E00FF1A3F /* LandingViewController.swift */ = {isa = PBXFileReference; lastKnownFileType = sourcecode.swift; path = LandingViewController.swift; sourceTree = "<group>"; };
		8172A20C2505E59300FF1A3F /* Contacts.storyboard */ = {isa = PBXFileReference; lastKnownFileType = file.storyboard; path = Contacts.storyboard; sourceTree = "<group>"; };
		8172A2152505E71900FF1A3F /* UIStoryboard+.swift */ = {isa = PBXFileReference; lastKnownFileType = sourcecode.swift; path = "UIStoryboard+.swift"; sourceTree = "<group>"; };
		8172A2182505E9B800FF1A3F /* Contact.swift */ = {isa = PBXFileReference; lastKnownFileType = sourcecode.swift; path = Contact.swift; sourceTree = "<group>"; };
		8172A21A2505EA7000FF1A3F /* Address.swift */ = {isa = PBXFileReference; lastKnownFileType = sourcecode.swift; path = Address.swift; sourceTree = "<group>"; };
		8172A21C2505EA9D00FF1A3F /* Company.swift */ = {isa = PBXFileReference; lastKnownFileType = sourcecode.swift; path = Company.swift; sourceTree = "<group>"; };
		8172A21E2505ECA200FF1A3F /* User.swift */ = {isa = PBXFileReference; lastKnownFileType = sourcecode.swift; path = User.swift; sourceTree = "<group>"; };
		8172A2242505EE1D00FF1A3F /* SQLite.swift */ = {isa = PBXFileReference; lastKnownFileType = sourcecode.swift; path = SQLite.swift; sourceTree = "<group>"; };
		8172A2262505EEAF00FF1A3F /* SQLiteDatabase.swift */ = {isa = PBXFileReference; lastKnownFileType = sourcecode.swift; path = SQLiteDatabase.swift; sourceTree = "<group>"; };
		8172A2282505F32700FF1A3F /* URL+.swift */ = {isa = PBXFileReference; lastKnownFileType = sourcecode.swift; path = "URL+.swift"; sourceTree = "<group>"; };
		8172A22A2506044900FF1A3F /* SQLiteDatabase+User.swift */ = {isa = PBXFileReference; lastKnownFileType = sourcecode.swift; path = "SQLiteDatabase+User.swift"; sourceTree = "<group>"; };
		8172A22C2506151700FF1A3F /* String+.swift */ = {isa = PBXFileReference; lastKnownFileType = sourcecode.swift; path = "String+.swift"; sourceTree = "<group>"; };
		8172A22E2506192600FF1A3F /* SHA256Digest+.swift */ = {isa = PBXFileReference; lastKnownFileType = sourcecode.swift; path = "SHA256Digest+.swift"; sourceTree = "<group>"; };
		8172A2302506271300FF1A3F /* DynamicValue.swift */ = {isa = PBXFileReference; lastKnownFileType = sourcecode.swift; path = DynamicValue.swift; sourceTree = "<group>"; };
		8172A2392506654F00FF1A3F /* DataFetcher.swift */ = {isa = PBXFileReference; lastKnownFileType = sourcecode.swift; path = DataFetcher.swift; sourceTree = "<group>"; };
		8172A23B25066B8D00FF1A3F /* ContactsService.swift */ = {isa = PBXFileReference; lastKnownFileType = sourcecode.swift; path = ContactsService.swift; sourceTree = "<group>"; };
		8172A23F250739C400FF1A3F /* NetworkRequest.swift */ = {isa = PBXFileReference; lastKnownFileType = sourcecode.swift; path = NetworkRequest.swift; sourceTree = "<group>"; };
		8172A2412507427300FF1A3F /* RemoteResourceLoader.swift */ = {isa = PBXFileReference; lastKnownFileType = sourcecode.swift; path = RemoteResourceLoader.swift; sourceTree = "<group>"; };
		8172A2542507A48300FF1A3F /* Sedan.json */ = {isa = PBXFileReference; fileEncoding = 4; lastKnownFileType = text.json; path = Sedan.json; sourceTree = "<group>"; };
		8172A2572507B4B700FF1A3F /* Signup.storyboard */ = {isa = PBXFileReference; lastKnownFileType = file.storyboard; path = Signup.storyboard; sourceTree = "<group>"; };
		8172A2592507B4C500FF1A3F /* LoginViewController.swift */ = {isa = PBXFileReference; lastKnownFileType = sourcecode.swift; path = LoginViewController.swift; sourceTree = "<group>"; };
		8172A25D2507B4DB00FF1A3F /* Login.storyboard */ = {isa = PBXFileReference; lastKnownFileType = file.storyboard; path = Login.storyboard; sourceTree = "<group>"; };
		8172A25F2507B4E800FF1A3F /* SignupEnterUsernameViewController.swift */ = {isa = PBXFileReference; lastKnownFileType = sourcecode.swift; path = SignupEnterUsernameViewController.swift; sourceTree = "<group>"; };
		8172A2612507BAD900FF1A3F /* UINavigationController+.swift */ = {isa = PBXFileReference; lastKnownFileType = sourcecode.swift; path = "UINavigationController+.swift"; sourceTree = "<group>"; };
		8172A263250874C600FF1A3F /* UIViewController+.swift */ = {isa = PBXFileReference; lastKnownFileType = sourcecode.swift; path = "UIViewController+.swift"; sourceTree = "<group>"; };
		8172A265250876B500FF1A3F /* ViewModel.swift */ = {isa = PBXFileReference; lastKnownFileType = sourcecode.swift; path = ViewModel.swift; sourceTree = "<group>"; };
		8172A26825087E7700FF1A3F /* LoginViewModel.swift */ = {isa = PBXFileReference; lastKnownFileType = sourcecode.swift; path = LoginViewModel.swift; sourceTree = "<group>"; };
		8172A26B2509CE3F00FF1A3F /* LoginManager.swift */ = {isa = PBXFileReference; lastKnownFileType = sourcecode.swift; path = LoginManager.swift; sourceTree = "<group>"; };
		8172A26D2509D51A00FF1A3F /* Credential.swift */ = {isa = PBXFileReference; lastKnownFileType = sourcecode.swift; path = Credential.swift; sourceTree = "<group>"; };
		8172A26F250A0F9300FF1A3F /* UIImage+.swift */ = {isa = PBXFileReference; lastKnownFileType = sourcecode.swift; path = "UIImage+.swift"; sourceTree = "<group>"; };
		86CFDFE8BAB08282BDBA94D3 /* Pods_CartrackContacts.framework */ = {isa = PBXFileReference; explicitFileType = wrapper.framework; includeInIndex = 0; path = Pods_CartrackContacts.framework; sourceTree = BUILT_PRODUCTS_DIR; };
		8CBC94B0F424F0BF3D369D11 /* Pods-CartrackContacts.release.xcconfig */ = {isa = PBXFileReference; includeInIndex = 1; lastKnownFileType = text.xcconfig; name = "Pods-CartrackContacts.release.xcconfig"; path = "Target Support Files/Pods-CartrackContacts/Pods-CartrackContacts.release.xcconfig"; sourceTree = "<group>"; };
		9391D939B24BCF366364727E /* Pods-CartrackContactsTests.debug.xcconfig */ = {isa = PBXFileReference; includeInIndex = 1; lastKnownFileType = text.xcconfig; name = "Pods-CartrackContactsTests.debug.xcconfig"; path = "Target Support Files/Pods-CartrackContactsTests/Pods-CartrackContactsTests.debug.xcconfig"; sourceTree = "<group>"; };
		B8603DE5BBF0DC32AD388726 /* Pods-CartrackContactsTests.release.xcconfig */ = {isa = PBXFileReference; includeInIndex = 1; lastKnownFileType = text.xcconfig; name = "Pods-CartrackContactsTests.release.xcconfig"; path = "Target Support Files/Pods-CartrackContactsTests/Pods-CartrackContactsTests.release.xcconfig"; sourceTree = "<group>"; };
		C28BA63BA4103E8A435FE76B /* Pods_CartrackContactsTests.framework */ = {isa = PBXFileReference; explicitFileType = wrapper.framework; includeInIndex = 0; path = Pods_CartrackContactsTests.framework; sourceTree = BUILT_PRODUCTS_DIR; };
/* End PBXFileReference section */

/* Begin PBXFrameworksBuildPhase section */
		8172A1E02505E3F600FF1A3F /* Frameworks */ = {
			isa = PBXFrameworksBuildPhase;
			buildActionMask = 2147483647;
			files = (
				8172A2512507A16A00FF1A3F /* RxCocoa in Frameworks */,
				8172A24F2507A16A00FF1A3F /* RxRelay in Frameworks */,
				8172A24B2507A16A00FF1A3F /* RxSwift in Frameworks */,
				8172A2132505E61900FF1A3F /* Reachability in Frameworks */,
				8172A24825079F2200FF1A3F /* Lottie in Frameworks */,
				8172A2532507A16A00FF1A3F /* RxBlocking in Frameworks */,
				5BB0FB3BD2A893A67E316415 /* Pods_CartrackContacts.framework in Frameworks */,
			);
			runOnlyForDeploymentPostprocessing = 0;
		};
		8172A1F62505E3F700FF1A3F /* Frameworks */ = {
			isa = PBXFrameworksBuildPhase;
			buildActionMask = 2147483647;
			files = (
				6077F7B34CCA20E31BEAE71B /* Pods_CartrackContactsTests.framework in Frameworks */,
			);
			runOnlyForDeploymentPostprocessing = 0;
		};
/* End PBXFrameworksBuildPhase section */

/* Begin PBXGroup section */
		016E096260FC675DEB59B82E /* Frameworks */ = {
			isa = PBXGroup;
			children = (
				86CFDFE8BAB08282BDBA94D3 /* Pods_CartrackContacts.framework */,
				C28BA63BA4103E8A435FE76B /* Pods_CartrackContactsTests.framework */,
			);
			name = Frameworks;
			sourceTree = "<group>";
		};
		812BBB09250CA670005023AB /* EnterUsername */ = {
			isa = PBXGroup;
			children = (
				8172A25F2507B4E800FF1A3F /* SignupEnterUsernameViewController.swift */,
				812BBAFC250B8A25005023AB /* SignupEnterUsernameViewModel.swift */,
			);
			path = EnterUsername;
			sourceTree = "<group>";
		};
		812BBB0A250CA67A005023AB /* CreatePassword */ = {
			isa = PBXGroup;
			children = (
				812BBB00250BC7D1005023AB /* SignupCreatePasswordViewController.swift */,
				812BBB07250CA188005023AB /* SignupCreatePasswordViewModel.swift */,
			);
			path = CreatePassword;
			sourceTree = "<group>";
		};
		812BBB0D250CA696005023AB /* SelectCountry */ = {
			isa = PBXGroup;
			children = (
				812BBB05250BDD17005023AB /* SignupSelectCountryViewController.swift */,
				812BBB0B250CA691005023AB /* SignupSelectCountryViewModel.swift */,
			);
			path = SelectCountry;
			sourceTree = "<group>";
		};
		8172A1DA2505E3F600FF1A3F = {
			isa = PBXGroup;
			children = (
				8172A1E52505E3F600FF1A3F /* CartrackContacts */,
				8172A1FC2505E3F700FF1A3F /* CartrackContactsTests */,
				8172A1E42505E3F600FF1A3F /* Products */,
				81894A77267CA5D2BB566344 /* Pods */,
				016E096260FC675DEB59B82E /* Frameworks */,
			);
			sourceTree = "<group>";
		};
		8172A1E42505E3F600FF1A3F /* Products */ = {
			isa = PBXGroup;
			children = (
				8172A1E32505E3F600FF1A3F /* CC.app */,
				8172A1F92505E3F700FF1A3F /* CartrackContactsTests.xctest */,
			);
			name = Products;
			sourceTree = "<group>";
		};
		8172A1E52505E3F600FF1A3F /* CartrackContacts */ = {
			isa = PBXGroup;
			children = (
				8172A1E62505E3F600FF1A3F /* AppDelegate.swift */,
				8172A1E82505E3F600FF1A3F /* SceneDelegate.swift */,
				8172A1F42505E3F700FF1A3F /* Info.plist */,
				8172A2082505E4E600FF1A3F /* Views */,
				8172A2172505E99B00FF1A3F /* Models */,
				8172A2212505EDAC00FF1A3F /* Services */,
				8172A2562507AA8800FF1A3F /* Resources */,
				8172A2142505E6FA00FF1A3F /* Extensions */,
				8172A267250877C400FF1A3F /* Protocols */,
			);
			path = CartrackContacts;
			sourceTree = "<group>";
		};
		8172A1FC2505E3F700FF1A3F /* CartrackContactsTests */ = {
			isa = PBXGroup;
			children = (
				8172A1FD2505E3F700FF1A3F /* CartrackContactsTests.swift */,
				8172A1FF2505E3F700FF1A3F /* Info.plist */,
			);
			path = CartrackContactsTests;
			sourceTree = "<group>";
		};
		8172A2082505E4E600FF1A3F /* Views */ = {
			isa = PBXGroup;
			children = (
				8172A1F12505E3F700FF1A3F /* LaunchScreen.storyboard */,
				8172A2092505E52E00FF1A3F /* Landing */,
				8172A25B2507B4C900FF1A3F /* Signup */,
				8172A25C2507B4CE00FF1A3F /* Login */,
				8172A20E2505E59900FF1A3F /* Contacts */,
			);
			path = Views;
			sourceTree = "<group>";
		};
		8172A2092505E52E00FF1A3F /* Landing */ = {
			isa = PBXGroup;
			children = (
				8172A1EC2505E3F600FF1A3F /* Landing.storyboard */,
				8172A20A2505E53E00FF1A3F /* LandingViewController.swift */,
			);
			path = Landing;
			sourceTree = "<group>";
		};
		8172A20E2505E59900FF1A3F /* Contacts */ = {
			isa = PBXGroup;
			children = (
				8172A20C2505E59300FF1A3F /* Contacts.storyboard */,
				812BBB0E250CAB8A005023AB /* ContactsSplitViewController.swift */,
			);
			path = Contacts;
			sourceTree = "<group>";
		};
		8172A2142505E6FA00FF1A3F /* Extensions */ = {
			isa = PBXGroup;
			children = (
				8172A2152505E71900FF1A3F /* UIStoryboard+.swift */,
				8172A2282505F32700FF1A3F /* URL+.swift */,
				8172A22C2506151700FF1A3F /* String+.swift */,
				8172A22E2506192600FF1A3F /* SHA256Digest+.swift */,
				8172A2612507BAD900FF1A3F /* UINavigationController+.swift */,
				8172A263250874C600FF1A3F /* UIViewController+.swift */,
				8172A26F250A0F9300FF1A3F /* UIImage+.swift */,
				812BBAFE250BC265005023AB /* UIFont+.swift */,
			);
			path = Extensions;
			sourceTree = "<group>";
		};
		8172A2172505E99B00FF1A3F /* Models */ = {
			isa = PBXGroup;
			children = (
				8172A2302506271300FF1A3F /* DynamicValue.swift */,
				8172A26D2509D51A00FF1A3F /* Credential.swift */,
				8172A21E2505ECA200FF1A3F /* User.swift */,
				8172A2202505ECA900FF1A3F /* Contacts */,
			);
			path = Models;
			sourceTree = "<group>";
		};
		8172A2202505ECA900FF1A3F /* Contacts */ = {
			isa = PBXGroup;
			children = (
				8172A2182505E9B800FF1A3F /* Contact.swift */,
				8172A21A2505EA7000FF1A3F /* Address.swift */,
				8172A21C2505EA9D00FF1A3F /* Company.swift */,
			);
			path = Contacts;
			sourceTree = "<group>";
		};
		8172A2212505EDAC00FF1A3F /* Services */ = {
			isa = PBXGroup;
			children = (
				8172A2322506594900FF1A3F /* Network */,
				8172A2222505EDF100FF1A3F /* Database */,
			);
			path = Services;
			sourceTree = "<group>";
		};
		8172A2222505EDF100FF1A3F /* Database */ = {
			isa = PBXGroup;
			children = (
				8172A2232505EE0300FF1A3F /* SQLite */,
				8172A26B2509CE3F00FF1A3F /* LoginManager.swift */,
			);
			path = Database;
			sourceTree = "<group>";
		};
		8172A2232505EE0300FF1A3F /* SQLite */ = {
			isa = PBXGroup;
			children = (
				8172A2242505EE1D00FF1A3F /* SQLite.swift */,
				8172A2262505EEAF00FF1A3F /* SQLiteDatabase.swift */,
				8172A22A2506044900FF1A3F /* SQLiteDatabase+User.swift */,
			);
			path = SQLite;
			sourceTree = "<group>";
		};
		8172A2322506594900FF1A3F /* Network */ = {
			isa = PBXGroup;
			children = (
				8172A2392506654F00FF1A3F /* DataFetcher.swift */,
				8172A23B25066B8D00FF1A3F /* ContactsService.swift */,
				8172A23F250739C400FF1A3F /* NetworkRequest.swift */,
				8172A2412507427300FF1A3F /* RemoteResourceLoader.swift */,
			);
			path = Network;
			sourceTree = "<group>";
		};
		8172A2562507AA8800FF1A3F /* Resources */ = {
			isa = PBXGroup;
			children = (
				8172A1EF2505E3F700FF1A3F /* Assets.xcassets */,
				8172A2542507A48300FF1A3F /* Sedan.json */,
			);
			path = Resources;
			sourceTree = "<group>";
		};
		8172A25B2507B4C900FF1A3F /* Signup */ = {
			isa = PBXGroup;
			children = (
				8172A2572507B4B700FF1A3F /* Signup.storyboard */,
				812BBB09250CA670005023AB /* EnterUsername */,
				812BBB0A250CA67A005023AB /* CreatePassword */,
				812BBB0D250CA696005023AB /* SelectCountry */,
			);
			path = Signup;
			sourceTree = "<group>";
		};
		8172A25C2507B4CE00FF1A3F /* Login */ = {
			isa = PBXGroup;
			children = (
				8172A25D2507B4DB00FF1A3F /* Login.storyboard */,
				8172A2592507B4C500FF1A3F /* LoginViewController.swift */,
				8172A26825087E7700FF1A3F /* LoginViewModel.swift */,
			);
			path = Login;
			sourceTree = "<group>";
		};
		8172A267250877C400FF1A3F /* Protocols */ = {
			isa = PBXGroup;
			children = (
				8172A265250876B500FF1A3F /* ViewModel.swift */,
			);
			path = Protocols;
			sourceTree = "<group>";
		};
		81894A77267CA5D2BB566344 /* Pods */ = {
			isa = PBXGroup;
			children = (
				2166CE02743EB66B0E93A421 /* Pods-CartrackContacts.debug.xcconfig */,
				8CBC94B0F424F0BF3D369D11 /* Pods-CartrackContacts.release.xcconfig */,
				9391D939B24BCF366364727E /* Pods-CartrackContactsTests.debug.xcconfig */,
				B8603DE5BBF0DC32AD388726 /* Pods-CartrackContactsTests.release.xcconfig */,
			);
			path = Pods;
			sourceTree = "<group>";
		};
/* End PBXGroup section */

/* Begin PBXNativeTarget section */
		8172A1E22505E3F600FF1A3F /* CartrackContacts */ = {
			isa = PBXNativeTarget;
			buildConfigurationList = 8172A2022505E3F700FF1A3F /* Build configuration list for PBXNativeTarget "CartrackContacts" */;
			buildPhases = (
				408CE312E40914BAB7C00B42 /* [CP] Check Pods Manifest.lock */,
				8172A1DF2505E3F600FF1A3F /* Sources */,
				8172A1E02505E3F600FF1A3F /* Frameworks */,
				8172A1E12505E3F600FF1A3F /* Resources */,
				B2A0D5BCF0520E3A565A6CFA /* [CP] Embed Pods Frameworks */,
			);
			buildRules = (
			);
			dependencies = (
			);
			name = CartrackContacts;
			packageProductDependencies = (
				8172A2122505E61900FF1A3F /* Reachability */,
				8172A24725079F2200FF1A3F /* Lottie */,
				8172A24A2507A16A00FF1A3F /* RxSwift */,
				8172A24E2507A16A00FF1A3F /* RxRelay */,
				8172A2502507A16A00FF1A3F /* RxCocoa */,
				8172A2522507A16A00FF1A3F /* RxBlocking */,
			);
			productName = CartrackContacts;
			productReference = 8172A1E32505E3F600FF1A3F /* CC.app */;
			productType = "com.apple.product-type.application";
		};
		8172A1F82505E3F700FF1A3F /* CartrackContactsTests */ = {
			isa = PBXNativeTarget;
			buildConfigurationList = 8172A2052505E3F700FF1A3F /* Build configuration list for PBXNativeTarget "CartrackContactsTests" */;
			buildPhases = (
				5F676B47D6DBB726425B3CFB /* [CP] Check Pods Manifest.lock */,
				8172A1F52505E3F700FF1A3F /* Sources */,
				8172A1F62505E3F700FF1A3F /* Frameworks */,
				8172A1F72505E3F700FF1A3F /* Resources */,
			);
			buildRules = (
			);
			dependencies = (
				8172A1FB2505E3F700FF1A3F /* PBXTargetDependency */,
			);
			name = CartrackContactsTests;
			productName = CartrackContactsTests;
			productReference = 8172A1F92505E3F700FF1A3F /* CartrackContactsTests.xctest */;
			productType = "com.apple.product-type.bundle.unit-test";
		};
/* End PBXNativeTarget section */

/* Begin PBXProject section */
		8172A1DB2505E3F600FF1A3F /* Project object */ = {
			isa = PBXProject;
			attributes = {
				LastSwiftUpdateCheck = 1160;
				LastUpgradeCheck = 1160;
				ORGANIZATIONNAME = "Feb De La Cruz";
				TargetAttributes = {
					8172A1E22505E3F600FF1A3F = {
						CreatedOnToolsVersion = 11.6;
					};
					8172A1F82505E3F700FF1A3F = {
						CreatedOnToolsVersion = 11.6;
						TestTargetID = 8172A1E22505E3F600FF1A3F;
					};
				};
			};
			buildConfigurationList = 8172A1DE2505E3F600FF1A3F /* Build configuration list for PBXProject "CartrackContacts" */;
			compatibilityVersion = "Xcode 9.3";
			developmentRegion = en;
			hasScannedForEncodings = 0;
			knownRegions = (
				en,
				Base,
			);
			mainGroup = 8172A1DA2505E3F600FF1A3F;
			packageReferences = (
				8172A2112505E61900FF1A3F /* XCRemoteSwiftPackageReference "Reachability" */,
				8172A24625079F2200FF1A3F /* XCRemoteSwiftPackageReference "lottie-ios" */,
				8172A2492507A16A00FF1A3F /* XCRemoteSwiftPackageReference "RxSwift" */,
			);
			productRefGroup = 8172A1E42505E3F600FF1A3F /* Products */;
			projectDirPath = "";
			projectRoot = "";
			targets = (
				8172A1E22505E3F600FF1A3F /* CartrackContacts */,
				8172A1F82505E3F700FF1A3F /* CartrackContactsTests */,
			);
		};
/* End PBXProject section */

/* Begin PBXResourcesBuildPhase section */
		8172A1E12505E3F600FF1A3F /* Resources */ = {
			isa = PBXResourcesBuildPhase;
			buildActionMask = 2147483647;
			files = (
				8172A1F32505E3F700FF1A3F /* LaunchScreen.storyboard in Resources */,
				8172A1F02505E3F700FF1A3F /* Assets.xcassets in Resources */,
				8172A25E2507B4DB00FF1A3F /* Login.storyboard in Resources */,
				8172A1EE2505E3F600FF1A3F /* Landing.storyboard in Resources */,
				8172A2552507A48300FF1A3F /* Sedan.json in Resources */,
				8172A2582507B4B700FF1A3F /* Signup.storyboard in Resources */,
				8172A20D2505E59300FF1A3F /* Contacts.storyboard in Resources */,
			);
			runOnlyForDeploymentPostprocessing = 0;
		};
		8172A1F72505E3F700FF1A3F /* Resources */ = {
			isa = PBXResourcesBuildPhase;
			buildActionMask = 2147483647;
			files = (
			);
			runOnlyForDeploymentPostprocessing = 0;
		};
/* End PBXResourcesBuildPhase section */

/* Begin PBXShellScriptBuildPhase section */
		408CE312E40914BAB7C00B42 /* [CP] Check Pods Manifest.lock */ = {
			isa = PBXShellScriptBuildPhase;
			buildActionMask = 2147483647;
			files = (
			);
			inputFileListPaths = (
			);
			inputPaths = (
				"${PODS_PODFILE_DIR_PATH}/Podfile.lock",
				"${PODS_ROOT}/Manifest.lock",
			);
			name = "[CP] Check Pods Manifest.lock";
			outputFileListPaths = (
			);
			outputPaths = (
				"$(DERIVED_FILE_DIR)/Pods-CartrackContacts-checkManifestLockResult.txt",
			);
			runOnlyForDeploymentPostprocessing = 0;
			shellPath = /bin/sh;
			shellScript = "diff \"${PODS_PODFILE_DIR_PATH}/Podfile.lock\" \"${PODS_ROOT}/Manifest.lock\" > /dev/null\nif [ $? != 0 ] ; then\n    # print error to STDERR\n    echo \"error: The sandbox is not in sync with the Podfile.lock. Run 'pod install' or update your CocoaPods installation.\" >&2\n    exit 1\nfi\n# This output is used by Xcode 'outputs' to avoid re-running this script phase.\necho \"SUCCESS\" > \"${SCRIPT_OUTPUT_FILE_0}\"\n";
			showEnvVarsInLog = 0;
		};
		5F676B47D6DBB726425B3CFB /* [CP] Check Pods Manifest.lock */ = {
			isa = PBXShellScriptBuildPhase;
			buildActionMask = 2147483647;
			files = (
			);
			inputFileListPaths = (
			);
			inputPaths = (
				"${PODS_PODFILE_DIR_PATH}/Podfile.lock",
				"${PODS_ROOT}/Manifest.lock",
			);
			name = "[CP] Check Pods Manifest.lock";
			outputFileListPaths = (
			);
			outputPaths = (
				"$(DERIVED_FILE_DIR)/Pods-CartrackContactsTests-checkManifestLockResult.txt",
			);
			runOnlyForDeploymentPostprocessing = 0;
			shellPath = /bin/sh;
			shellScript = "diff \"${PODS_PODFILE_DIR_PATH}/Podfile.lock\" \"${PODS_ROOT}/Manifest.lock\" > /dev/null\nif [ $? != 0 ] ; then\n    # print error to STDERR\n    echo \"error: The sandbox is not in sync with the Podfile.lock. Run 'pod install' or update your CocoaPods installation.\" >&2\n    exit 1\nfi\n# This output is used by Xcode 'outputs' to avoid re-running this script phase.\necho \"SUCCESS\" > \"${SCRIPT_OUTPUT_FILE_0}\"\n";
			showEnvVarsInLog = 0;
		};
		B2A0D5BCF0520E3A565A6CFA /* [CP] Embed Pods Frameworks */ = {
			isa = PBXShellScriptBuildPhase;
			buildActionMask = 2147483647;
			files = (
			);
			inputFileListPaths = (
				"${PODS_ROOT}/Target Support Files/Pods-CartrackContacts/Pods-CartrackContacts-frameworks-${CONFIGURATION}-input-files.xcfilelist",
			);
			name = "[CP] Embed Pods Frameworks";
			outputFileListPaths = (
				"${PODS_ROOT}/Target Support Files/Pods-CartrackContacts/Pods-CartrackContacts-frameworks-${CONFIGURATION}-output-files.xcfilelist",
			);
			runOnlyForDeploymentPostprocessing = 0;
			shellPath = /bin/sh;
			shellScript = "\"${PODS_ROOT}/Target Support Files/Pods-CartrackContacts/Pods-CartrackContacts-frameworks.sh\"\n";
			showEnvVarsInLog = 0;
		};
/* End PBXShellScriptBuildPhase section */

/* Begin PBXSourcesBuildPhase section */
		8172A1DF2505E3F600FF1A3F /* Sources */ = {
			isa = PBXSourcesBuildPhase;
			buildActionMask = 2147483647;
			files = (
				8172A25A2507B4C500FF1A3F /* LoginViewController.swift in Sources */,
				8172A2162505E71900FF1A3F /* UIStoryboard+.swift in Sources */,
				812BBB06250BDD17005023AB /* SignupSelectCountryViewController.swift in Sources */,
				8172A264250874C600FF1A3F /* UIViewController+.swift in Sources */,
				8172A2622507BAD900FF1A3F /* UINavigationController+.swift in Sources */,
				812BBB0C250CA691005023AB /* SignupSelectCountryViewModel.swift in Sources */,
				8172A2602507B4E800FF1A3F /* SignupEnterUsernameViewController.swift in Sources */,
				8172A270250A0F9300FF1A3F /* UIImage+.swift in Sources */,
				812BBAFD250B8A25005023AB /* SignupEnterUsernameViewModel.swift in Sources */,
				8172A26C2509CE3F00FF1A3F /* LoginManager.swift in Sources */,
				8172A22F2506192600FF1A3F /* SHA256Digest+.swift in Sources */,
				8172A2252505EE1D00FF1A3F /* SQLite.swift in Sources */,
				8172A1E72505E3F600FF1A3F /* AppDelegate.swift in Sources */,
				8172A26925087E7700FF1A3F /* LoginViewModel.swift in Sources */,
				8172A2192505E9B800FF1A3F /* Contact.swift in Sources */,
				8172A2422507427300FF1A3F /* RemoteResourceLoader.swift in Sources */,
				812BBAFF250BC265005023AB /* UIFont+.swift in Sources */,
				8172A22B2506044900FF1A3F /* SQLiteDatabase+User.swift in Sources */,
				8172A20B2505E53E00FF1A3F /* LandingViewController.swift in Sources */,
				8172A1E92505E3F600FF1A3F /* SceneDelegate.swift in Sources */,
				8172A21F2505ECA200FF1A3F /* User.swift in Sources */,
				8172A2292505F32700FF1A3F /* URL+.swift in Sources */,
				8172A2272505EEAF00FF1A3F /* SQLiteDatabase.swift in Sources */,
				8172A240250739C400FF1A3F /* NetworkRequest.swift in Sources */,
				8172A21B2505EA7000FF1A3F /* Address.swift in Sources */,
				8172A22D2506151700FF1A3F /* String+.swift in Sources */,
				8172A26E2509D51A00FF1A3F /* Credential.swift in Sources */,
				812BBB0F250CAB8A005023AB /* ContactsSplitViewController.swift in Sources */,
				8172A23A2506654F00FF1A3F /* DataFetcher.swift in Sources */,
				8172A266250876B500FF1A3F /* ViewModel.swift in Sources */,
				8172A21D2505EA9D00FF1A3F /* Company.swift in Sources */,
				8172A2312506271300FF1A3F /* DynamicValue.swift in Sources */,
				812BBB08250CA188005023AB /* SignupCreatePasswordViewModel.swift in Sources */,
				8172A23C25066B8D00FF1A3F /* ContactsService.swift in Sources */,
				812BBB01250BC7D1005023AB /* SignupCreatePasswordViewController.swift in Sources */,
			);
			runOnlyForDeploymentPostprocessing = 0;
		};
		8172A1F52505E3F700FF1A3F /* Sources */ = {
			isa = PBXSourcesBuildPhase;
			buildActionMask = 2147483647;
			files = (
				8172A1FE2505E3F700FF1A3F /* CartrackContactsTests.swift in Sources */,
			);
			runOnlyForDeploymentPostprocessing = 0;
		};
/* End PBXSourcesBuildPhase section */

/* Begin PBXTargetDependency section */
		8172A1FB2505E3F700FF1A3F /* PBXTargetDependency */ = {
			isa = PBXTargetDependency;
			target = 8172A1E22505E3F600FF1A3F /* CartrackContacts */;
			targetProxy = 8172A1FA2505E3F700FF1A3F /* PBXContainerItemProxy */;
		};
/* End PBXTargetDependency section */

/* Begin PBXVariantGroup section */
		8172A1EC2505E3F600FF1A3F /* Landing.storyboard */ = {
			isa = PBXVariantGroup;
			children = (
				8172A1ED2505E3F600FF1A3F /* Base */,
			);
			name = Landing.storyboard;
			sourceTree = "<group>";
		};
		8172A1F12505E3F700FF1A3F /* LaunchScreen.storyboard */ = {
			isa = PBXVariantGroup;
			children = (
				8172A1F22505E3F700FF1A3F /* Base */,
			);
			name = LaunchScreen.storyboard;
			sourceTree = "<group>";
		};
/* End PBXVariantGroup section */

/* Begin XCBuildConfiguration section */
		8172A2002505E3F700FF1A3F /* Debug */ = {
			isa = XCBuildConfiguration;
			buildSettings = {
				ALWAYS_SEARCH_USER_PATHS = NO;
				CLANG_ANALYZER_NONNULL = YES;
				CLANG_ANALYZER_NUMBER_OBJECT_CONVERSION = YES_AGGRESSIVE;
				CLANG_CXX_LANGUAGE_STANDARD = "gnu++14";
				CLANG_CXX_LIBRARY = "libc++";
				CLANG_ENABLE_MODULES = YES;
				CLANG_ENABLE_OBJC_ARC = YES;
				CLANG_ENABLE_OBJC_WEAK = YES;
				CLANG_WARN_BLOCK_CAPTURE_AUTORELEASING = YES;
				CLANG_WARN_BOOL_CONVERSION = YES;
				CLANG_WARN_COMMA = YES;
				CLANG_WARN_CONSTANT_CONVERSION = YES;
				CLANG_WARN_DEPRECATED_OBJC_IMPLEMENTATIONS = YES;
				CLANG_WARN_DIRECT_OBJC_ISA_USAGE = YES_ERROR;
				CLANG_WARN_DOCUMENTATION_COMMENTS = YES;
				CLANG_WARN_EMPTY_BODY = YES;
				CLANG_WARN_ENUM_CONVERSION = YES;
				CLANG_WARN_INFINITE_RECURSION = YES;
				CLANG_WARN_INT_CONVERSION = YES;
				CLANG_WARN_NON_LITERAL_NULL_CONVERSION = YES;
				CLANG_WARN_OBJC_IMPLICIT_RETAIN_SELF = YES;
				CLANG_WARN_OBJC_LITERAL_CONVERSION = YES;
				CLANG_WARN_OBJC_ROOT_CLASS = YES_ERROR;
				CLANG_WARN_RANGE_LOOP_ANALYSIS = YES;
				CLANG_WARN_STRICT_PROTOTYPES = YES;
				CLANG_WARN_SUSPICIOUS_MOVE = YES;
				CLANG_WARN_UNGUARDED_AVAILABILITY = YES_AGGRESSIVE;
				CLANG_WARN_UNREACHABLE_CODE = YES;
				CLANG_WARN__DUPLICATE_METHOD_MATCH = YES;
				COPY_PHASE_STRIP = NO;
				DEAD_CODE_STRIPPING = NO;
				DEBUG_INFORMATION_FORMAT = dwarf;
				ENABLE_STRICT_OBJC_MSGSEND = YES;
				ENABLE_TESTABILITY = YES;
				GCC_C_LANGUAGE_STANDARD = gnu11;
				GCC_DYNAMIC_NO_PIC = NO;
				GCC_NO_COMMON_BLOCKS = YES;
				GCC_OPTIMIZATION_LEVEL = 0;
				GCC_PREPROCESSOR_DEFINITIONS = (
					"DEBUG=1",
					"$(inherited)",
				);
				GCC_WARN_64_TO_32_BIT_CONVERSION = YES;
				GCC_WARN_ABOUT_RETURN_TYPE = YES_ERROR;
				GCC_WARN_UNDECLARED_SELECTOR = YES;
				GCC_WARN_UNINITIALIZED_AUTOS = YES_AGGRESSIVE;
				GCC_WARN_UNUSED_FUNCTION = YES;
				GCC_WARN_UNUSED_VARIABLE = YES;
				IPHONEOS_DEPLOYMENT_TARGET = 13.6;
				MTL_ENABLE_DEBUG_INFO = INCLUDE_SOURCE;
				MTL_FAST_MATH = YES;
				ONLY_ACTIVE_ARCH = YES;
				SDKROOT = iphoneos;
				SWIFT_ACTIVE_COMPILATION_CONDITIONS = DEBUG;
				SWIFT_OPTIMIZATION_LEVEL = "-Onone";
			};
			name = Debug;
		};
		8172A2012505E3F700FF1A3F /* Release */ = {
			isa = XCBuildConfiguration;
			buildSettings = {
				ALWAYS_SEARCH_USER_PATHS = NO;
				CLANG_ANALYZER_NONNULL = YES;
				CLANG_ANALYZER_NUMBER_OBJECT_CONVERSION = YES_AGGRESSIVE;
				CLANG_CXX_LANGUAGE_STANDARD = "gnu++14";
				CLANG_CXX_LIBRARY = "libc++";
				CLANG_ENABLE_MODULES = YES;
				CLANG_ENABLE_OBJC_ARC = YES;
				CLANG_ENABLE_OBJC_WEAK = YES;
				CLANG_WARN_BLOCK_CAPTURE_AUTORELEASING = YES;
				CLANG_WARN_BOOL_CONVERSION = YES;
				CLANG_WARN_COMMA = YES;
				CLANG_WARN_CONSTANT_CONVERSION = YES;
				CLANG_WARN_DEPRECATED_OBJC_IMPLEMENTATIONS = YES;
				CLANG_WARN_DIRECT_OBJC_ISA_USAGE = YES_ERROR;
				CLANG_WARN_DOCUMENTATION_COMMENTS = YES;
				CLANG_WARN_EMPTY_BODY = YES;
				CLANG_WARN_ENUM_CONVERSION = YES;
				CLANG_WARN_INFINITE_RECURSION = YES;
				CLANG_WARN_INT_CONVERSION = YES;
				CLANG_WARN_NON_LITERAL_NULL_CONVERSION = YES;
				CLANG_WARN_OBJC_IMPLICIT_RETAIN_SELF = YES;
				CLANG_WARN_OBJC_LITERAL_CONVERSION = YES;
				CLANG_WARN_OBJC_ROOT_CLASS = YES_ERROR;
				CLANG_WARN_RANGE_LOOP_ANALYSIS = YES;
				CLANG_WARN_STRICT_PROTOTYPES = YES;
				CLANG_WARN_SUSPICIOUS_MOVE = YES;
				CLANG_WARN_UNGUARDED_AVAILABILITY = YES_AGGRESSIVE;
				CLANG_WARN_UNREACHABLE_CODE = YES;
				CLANG_WARN__DUPLICATE_METHOD_MATCH = YES;
				COPY_PHASE_STRIP = NO;
				DEAD_CODE_STRIPPING = NO;
				DEBUG_INFORMATION_FORMAT = "dwarf-with-dsym";
				ENABLE_NS_ASSERTIONS = NO;
				ENABLE_STRICT_OBJC_MSGSEND = YES;
				GCC_C_LANGUAGE_STANDARD = gnu11;
				GCC_NO_COMMON_BLOCKS = YES;
				GCC_WARN_64_TO_32_BIT_CONVERSION = YES;
				GCC_WARN_ABOUT_RETURN_TYPE = YES_ERROR;
				GCC_WARN_UNDECLARED_SELECTOR = YES;
				GCC_WARN_UNINITIALIZED_AUTOS = YES_AGGRESSIVE;
				GCC_WARN_UNUSED_FUNCTION = YES;
				GCC_WARN_UNUSED_VARIABLE = YES;
				IPHONEOS_DEPLOYMENT_TARGET = 13.6;
				MTL_ENABLE_DEBUG_INFO = NO;
				MTL_FAST_MATH = YES;
				SDKROOT = iphoneos;
				SWIFT_COMPILATION_MODE = wholemodule;
				SWIFT_OPTIMIZATION_LEVEL = "-O";
				VALIDATE_PRODUCT = YES;
			};
			name = Release;
		};
		8172A2032505E3F700FF1A3F /* Debug */ = {
			isa = XCBuildConfiguration;
			baseConfigurationReference = 2166CE02743EB66B0E93A421 /* Pods-CartrackContacts.debug.xcconfig */;
			buildSettings = {
				ASSETCATALOG_COMPILER_APPICON_NAME = AppIcon;
				CODE_SIGN_STYLE = Automatic;
				DEVELOPMENT_TEAM = 9F5577859V;
				INFOPLIST_FILE = CartrackContacts/Info.plist;
				LD_RUNPATH_SEARCH_PATHS = (
					"$(inherited)",
					"@executable_path/Frameworks",
				);
				PRODUCT_BUNDLE_IDENTIFIER = com.ffd.CartrackContacts;
				PRODUCT_NAME = CC;
				SWIFT_VERSION = 5.0;
				TARGETED_DEVICE_FAMILY = "1,2";
			};
			name = Debug;
		};
		8172A2042505E3F700FF1A3F /* Release */ = {
			isa = XCBuildConfiguration;
			baseConfigurationReference = 8CBC94B0F424F0BF3D369D11 /* Pods-CartrackContacts.release.xcconfig */;
			buildSettings = {
				ASSETCATALOG_COMPILER_APPICON_NAME = AppIcon;
				CODE_SIGN_STYLE = Automatic;
				DEVELOPMENT_TEAM = 9F5577859V;
				INFOPLIST_FILE = CartrackContacts/Info.plist;
				LD_RUNPATH_SEARCH_PATHS = (
					"$(inherited)",
					"@executable_path/Frameworks",
				);
				PRODUCT_BUNDLE_IDENTIFIER = com.ffd.CartrackContacts;
				PRODUCT_NAME = CC;
				SWIFT_VERSION = 5.0;
				TARGETED_DEVICE_FAMILY = "1,2";
			};
			name = Release;
		};
		8172A2062505E3F700FF1A3F /* Debug */ = {
			isa = XCBuildConfiguration;
			baseConfigurationReference = 9391D939B24BCF366364727E /* Pods-CartrackContactsTests.debug.xcconfig */;
			buildSettings = {
				ALWAYS_EMBED_SWIFT_STANDARD_LIBRARIES = YES;
				BUNDLE_LOADER = "$(TEST_HOST)";
				CODE_SIGN_STYLE = Automatic;
				INFOPLIST_FILE = CartrackContactsTests/Info.plist;
				IPHONEOS_DEPLOYMENT_TARGET = 13.6;
				LD_RUNPATH_SEARCH_PATHS = (
					"$(inherited)",
					"@executable_path/Frameworks",
					"@loader_path/Frameworks",
				);
				PRODUCT_BUNDLE_IDENTIFIER = com.ffd.CartrackContactsTests;
				PRODUCT_NAME = "$(TARGET_NAME)";
				SWIFT_VERSION = 5.0;
				TARGETED_DEVICE_FAMILY = "1,2";
				TEST_HOST = "$(BUILT_PRODUCTS_DIR)/CartrackContacts.app/CartrackContacts";
			};
			name = Debug;
		};
		8172A2072505E3F700FF1A3F /* Release */ = {
			isa = XCBuildConfiguration;
			baseConfigurationReference = B8603DE5BBF0DC32AD388726 /* Pods-CartrackContactsTests.release.xcconfig */;
			buildSettings = {
				ALWAYS_EMBED_SWIFT_STANDARD_LIBRARIES = YES;
				BUNDLE_LOADER = "$(TEST_HOST)";
				CODE_SIGN_STYLE = Automatic;
				INFOPLIST_FILE = CartrackContactsTests/Info.plist;
				IPHONEOS_DEPLOYMENT_TARGET = 13.6;
				LD_RUNPATH_SEARCH_PATHS = (
					"$(inherited)",
					"@executable_path/Frameworks",
					"@loader_path/Frameworks",
				);
				PRODUCT_BUNDLE_IDENTIFIER = com.ffd.CartrackContactsTests;
				PRODUCT_NAME = "$(TARGET_NAME)";
				SWIFT_VERSION = 5.0;
				TARGETED_DEVICE_FAMILY = "1,2";
				TEST_HOST = "$(BUILT_PRODUCTS_DIR)/CartrackContacts.app/CartrackContacts";
			};
			name = Release;
		};
/* End XCBuildConfiguration section */

/* Begin XCConfigurationList section */
		8172A1DE2505E3F600FF1A3F /* Build configuration list for PBXProject "CartrackContacts" */ = {
			isa = XCConfigurationList;
			buildConfigurations = (
				8172A2002505E3F700FF1A3F /* Debug */,
				8172A2012505E3F700FF1A3F /* Release */,
			);
			defaultConfigurationIsVisible = 0;
			defaultConfigurationName = Release;
		};
		8172A2022505E3F700FF1A3F /* Build configuration list for PBXNativeTarget "CartrackContacts" */ = {
			isa = XCConfigurationList;
			buildConfigurations = (
				8172A2032505E3F700FF1A3F /* Debug */,
				8172A2042505E3F700FF1A3F /* Release */,
			);
			defaultConfigurationIsVisible = 0;
			defaultConfigurationName = Release;
		};
		8172A2052505E3F700FF1A3F /* Build configuration list for PBXNativeTarget "CartrackContactsTests" */ = {
			isa = XCConfigurationList;
			buildConfigurations = (
				8172A2062505E3F700FF1A3F /* Debug */,
				8172A2072505E3F700FF1A3F /* Release */,
			);
			defaultConfigurationIsVisible = 0;
			defaultConfigurationName = Release;
		};
/* End XCConfigurationList section */

/* Begin XCRemoteSwiftPackageReference section */
		8172A2112505E61900FF1A3F /* XCRemoteSwiftPackageReference "Reachability" */ = {
			isa = XCRemoteSwiftPackageReference;
			repositoryURL = "https://github.com/ashleymills/Reachability.swift";
			requirement = {
				kind = upToNextMajorVersion;
				minimumVersion = 5.0.0;
			};
		};
		8172A24625079F2200FF1A3F /* XCRemoteSwiftPackageReference "lottie-ios" */ = {
			isa = XCRemoteSwiftPackageReference;
			repositoryURL = "https://github.com/airbnb/lottie-ios";
			requirement = {
				kind = upToNextMajorVersion;
				minimumVersion = 3.1.8;
			};
		};
		8172A2492507A16A00FF1A3F /* XCRemoteSwiftPackageReference "RxSwift" */ = {
			isa = XCRemoteSwiftPackageReference;
			repositoryURL = "https://github.com/ReactiveX/RxSwift.git";
			requirement = {
				kind = upToNextMajorVersion;
				minimumVersion = 5.1.1;
			};
		};
/* End XCRemoteSwiftPackageReference section */

/* Begin XCSwiftPackageProductDependency section */
		8172A2122505E61900FF1A3F /* Reachability */ = {
			isa = XCSwiftPackageProductDependency;
			package = 8172A2112505E61900FF1A3F /* XCRemoteSwiftPackageReference "Reachability" */;
			productName = Reachability;
		};
		8172A24725079F2200FF1A3F /* Lottie */ = {
			isa = XCSwiftPackageProductDependency;
			package = 8172A24625079F2200FF1A3F /* XCRemoteSwiftPackageReference "lottie-ios" */;
			productName = Lottie;
		};
		8172A24A2507A16A00FF1A3F /* RxSwift */ = {
			isa = XCSwiftPackageProductDependency;
			package = 8172A2492507A16A00FF1A3F /* XCRemoteSwiftPackageReference "RxSwift" */;
			productName = RxSwift;
		};
		8172A24E2507A16A00FF1A3F /* RxRelay */ = {
			isa = XCSwiftPackageProductDependency;
			package = 8172A2492507A16A00FF1A3F /* XCRemoteSwiftPackageReference "RxSwift" */;
			productName = RxRelay;
		};
		8172A2502507A16A00FF1A3F /* RxCocoa */ = {
			isa = XCSwiftPackageProductDependency;
			package = 8172A2492507A16A00FF1A3F /* XCRemoteSwiftPackageReference "RxSwift" */;
			productName = RxCocoa;
		};
		8172A2522507A16A00FF1A3F /* RxBlocking */ = {
			isa = XCSwiftPackageProductDependency;
			package = 8172A2492507A16A00FF1A3F /* XCRemoteSwiftPackageReference "RxSwift" */;
			productName = RxBlocking;
		};
/* End XCSwiftPackageProductDependency section */
	};
	rootObject = 8172A1DB2505E3F600FF1A3F /* Project object */;
}
